<?xml version="1.0" encoding="utf-8"?>
<Project ToolsVersion="4.0" xmlns="http://schemas.microsoft.com/developer/msbuild/2003">
  <ItemGroup>
    <Filter Include="源文件">
      <UniqueIdentifier>{4FC737F1-C7A5-4376-A066-2A32D752A2FF}</UniqueIdentifier>
      <Extensions>cpp;c;cc;cxx;def;odl;idl;hpj;bat;asm;asmx</Extensions>
    </Filter>
    <Filter Include="头文件">
      <UniqueIdentifier>{93995380-89BD-4b04-88EB-625FBE52EBFB}</UniqueIdentifier>
      <Extensions>h;hh;hpp;hxx;hm;inl;inc;xsd</Extensions>
    </Filter>
    <Filter Include="资源文件">
      <UniqueIdentifier>{67DA6AB6-F800-4c08-8B7A-83BB121AAD01}</UniqueIdentifier>
      <Extensions>rc;ico;cur;bmp;dlg;rc2;rct;bin;rgs;gif;jpg;jpeg;jpe;resx;tiff;tif;png;wav;mfcribbon-ms</Extensions>
    </Filter>
  </ItemGroup>
  <ItemGroup>
    <Text Include="ReadMe.txt" />
  </ItemGroup>
  <ItemGroup>
    <ClInclude Include="server.h">
      <Filter>头文件</Filter>
    </ClInclude>
    <ClInclude Include="serverDlg.h">
      <Filter>头文件</Filter>
    </ClInclude>
    <ClInclude Include="stdafx.h">
      <Filter>头文件</Filter>
    </ClInclude>
    <ClInclude Include="targetver.h">
      <Filter>头文件</Filter>
    </ClInclude>
    <ClInclude Include="Resource.h">
      <Filter>头文件</Filter>
    </ClInclude>
    <ClInclude Include="XSocketBase.h">
      <Filter>头文件</Filter>
    </ClInclude>
    <ClInclude Include="XUdpSocket.h">
      <Filter>头文件</Filter>
    </ClInclude>
    <ClInclude Include="XBroadCastClient.h">
      <Filter>头文件</Filter>
    </ClInclude>
    <ClInclude Include="XBroadCastServer.h">
      <Filter>头文件</Filter>
    </ClInclude>
    <ClInclude Include="FunBase.h">
      <Filter>头文件</Filter>
    </ClInclude>
    <ClInclude Include="MonitorFun.h">
      <Filter>头文件</Filter>
    </ClInclude>
    <ClInclude Include="BClientFun.h">
      <Filter>头文件</Filter>
    </ClInclude>
    <ClInclude Include="ThreadFun.h">
      <Filter>头文件</Filter>
    </ClInclude>
    <ClInclude Include="UserObject.h">
      <Filter>头文件</Filter>
    </ClInclude>
    <ClInclude Include="ClientObject.h">
      <Filter>头文件</Filter>
    </ClInclude>
    <ClInclude Include="ServerObject.h">
      <Filter>头文件</Filter>
    </ClInclude>
    <ClInclude Include="ObjectBase.h">
      <Filter>头文件</Filter>
    </ClInclude>
    <ClInclude Include="ListObject.h">
      <Filter>头文件</Filter>
    </ClInclude>
    <ClInclude Include="DoubleList.h">
      <Filter>头文件</Filter>
    </ClInclude>
    <ClInclude Include="FrameObject.h">
      <Filter>头文件</Filter>
    </ClInclude>
    <ClInclude Include="BroadCastFrame.h">
      <Filter>头文件</Filter>
    </ClInclude>
    <ClInclude Include="CmdFrame.h">
      <Filter>头文件</Filter>
    </ClInclude>
    <ClInclude Include="FileFrame.h">
      <Filter>头文件</Filter>
    </ClInclude>
  </ItemGroup>
  <ItemGroup>
    <ClCompile Include="server.cpp">
      <Filter>源文件</Filter>
    </ClCompile>
    <ClCompile Include="serverDlg.cpp">
      <Filter>源文件</Filter>
    </ClCompile>
    <ClCompile Include="stdafx.cpp">
      <Filter>源文件</Filter>
    </ClCompile>
    <ClCompile Include="XSocketBase.cpp">
      <Filter>源文件</Filter>
    </ClCompile>
    <ClCompile Include="XUdpSocket.cpp">
      <Filter>源文件</Filter>
    </ClCompile>
    <ClCompile Include="XBroadCastClient.cpp">
      <Filter>源文件</Filter>
    </ClCompile>
    <ClCompile Include="XBroadCastServer.cpp">
      <Filter>源文件</Filter>
    </ClCompile>
    <ClCompile Include="FunBase.cpp">
      <Filter>源文件</Filter>
    </ClCompile>
    <ClCompile Include="MonitorFun.cpp">
      <Filter>源文件</Filter>
    </ClCompile>
    <ClCompile Include="BClientFun.cpp">
      <Filter>源文件</Filter>
    </ClCompile>
    <ClCompile Include="ThreadFun.cpp">
      <Filter>源文件</Filter>
    </ClCompile>
    <ClCompile Include="UserObject.cpp">
      <Filter>源文件</Filter>
    </ClCompile>
    <ClCompile Include="ClientObject.cpp">
      <Filter>源文件</Filter>
    </ClCompile>
    <ClCompile Include="ServerObject.cpp">
      <Filter>源文件</Filter>
    </ClCompile>
    <ClCompile Include="ObjectBase.cpp">
      <Filter>源文件</Filter>
    </ClCompile>
    <ClCompile Include="ListObject.cpp">
      <Filter>源文件</Filter>
    </ClCompile>
    <ClCompile Include="DoubleList.cpp">
      <Filter>源文件</Filter>
    </ClCompile>
    <ClCompile Include="FrameObject.cpp">
      <Filter>源文件</Filter>
    </ClCompile>
    <ClCompile Include="BroadCastFrame.cpp">
      <Filter>源文件</Filter>
    </ClCompile>
    <ClCompile Include="CmdFrame.cpp">
      <Filter>源文件</Filter>
    </ClCompile>
    <ClCompile Include="FileFrame.cpp">
      <Filter>源文件</Filter>
    </ClCompile>
  </ItemGroup>
  <ItemGroup>
    <ResourceCompile Include="server.rc">
      <Filter>资源文件</Filter>
    </ResourceCompile>
  </ItemGroup>
  <ItemGroup>
    <None Include="res\server.rc2">
      <Filter>资源文件</Filter>
    </None>
  </ItemGroup>
  <ItemGroup>
    <Image Include="res\server.ico">
      <Filter>资源文件</Filter>
    </Image>
  </ItemGroup>
</Project>